
Microsoft Visual Studio Solution File, Format Version 12.00
# Visual Studio Version 17
VisualStudioVersion = 17.9.34723.18
MinimumVisualStudioVersion = 10.0.40219.1
Project("{FAE04EC0-301F-11D3-BF4B-00C04F79EFBC}") = "MHS2ModTool", "MHS2ModTool\MHS2ModTool.csproj", "{44CD78EA-9E1C-4468-A123-2F12B53570F2}"
EndProject
Global
	GlobalSection(SolutionConfigurationPlatforms) = preSolution
		Debug|Any CPU = Debug|Any CPU
		Release|Any CPU = Release|Any CPU
	EndGlobalSection
	GlobalSection(ProjectConfigurationPlatforms) = postSolution
		{44CD78EA-9E1C-4468-A123-2F12B53570F2}.Debug|Any CPU.ActiveCfg = Debug|Any CPU
		{44CD78EA-9E1C-4468-A123-2F12B53570F2}.Debug|Any CPU.Build.0 = Debug|Any CPU
		{44CD78EA-9E1C-4468-A123-2F12B53570F2}.Release|Any CPU.ActiveCfg = Release|Any CPU
		{44CD78EA-9E1C-4468-A123-2F12B53570F2}.Release|Any CPU.Build.0 = Release|Any CPU
	EndGlobalSection
	GlobalSection(SolutionProperties) = preSolution
		HideSolutionNode = FALSE
	EndGlobalSection
	GlobalSection(ExtensibilityGlobals) = postSolution
		SolutionGuid = {8744CED0-0413-4FD1-B33B-E0FFB03CFAF2}
	EndGlobalSection
EndGlobal
